PODS:
  - MercadoPagoPXTracking (2.1.0)
  - MercadoPagoServices (1.0.6):
    - MercadoPagoPXTracking (= 2.1.0)

DEPENDENCIES:
  - MercadoPagoPXTracking (= 2.1.0)
  - MercadoPagoServices (from `../../px-ios_services/`)

EXTERNAL SOURCES:
  MercadoPagoServices:
    :path: ../../px-ios_services/

SPEC CHECKSUMS:
  MercadoPagoPXTracking: 0e1a78ead026d1a3ba58c749cd870c41559944a0
  MercadoPagoServices: e8957c90e9f6271c8293943ec5c0b6167674b4a6

PODFILE CHECKSUM: ae2c7e719b96adc697f1048c1fec8018c4325d4c

COCOAPODS: 1.4.0
